// !$*UTF8*$!
{
	archiveVersion = 1;
	classes = {
	};
	objectVersion = 50;
	objects = {

/* Begin PBXBuildFile section */
		95C64E5C24EE7FEE000EA18F /* AppDelegate.swift in Sources */ = {isa = PBXBuildFile; fileRef = 95C64E5B24EE7FEE000EA18F /* AppDelegate.swift */; };
		95C64E5E24EE7FEE000EA18F /* SceneDelegate.swift in Sources */ = {isa = PBXBuildFile; fileRef = 95C64E5D24EE7FEE000EA18F /* SceneDelegate.swift */; };
		95C64E6324EE7FEE000EA18F /* Main.storyboard in Resources */ = {isa = PBXBuildFile; fileRef = 95C64E6124EE7FEE000EA18F /* Main.storyboard */; };
		95C64E6524EE7FEF000EA18F /* Assets.xcassets in Resources */ = {isa = PBXBuildFile; fileRef = 95C64E6424EE7FEF000EA18F /* Assets.xcassets */; };
		95C64E6824EE7FEF000EA18F /* LaunchScreen.storyboard in Resources */ = {isa = PBXBuildFile; fileRef = 95C64E6624EE7FEF000EA18F /* LaunchScreen.storyboard */; };
		95C64E7C24EE824E000EA18F /* EquationCalculator.swift in Sources */ = {isa = PBXBuildFile; fileRef = 95C64E7B24EE824E000EA18F /* EquationCalculator.swift */; };
		95C64E8024EE8272000EA18F /* StringExtension.swift in Sources */ = {isa = PBXBuildFile; fileRef = 95C64E7F24EE8272000EA18F /* StringExtension.swift */; };
		95C64E8224EE827F000EA18F /* ViewController.swift in Sources */ = {isa = PBXBuildFile; fileRef = 95C64E8124EE827F000EA18F /* ViewController.swift */; };
/* End PBXBuildFile section */

/* Begin PBXFileReference section */
		95C64E5824EE7FEE000EA18F /* CalculationEquation.app */ = {isa = PBXFileReference; explicitFileType = wrapper.application; includeInIndex = 0; path = CalculationEquation.app; sourceTree = BUILT_PRODUCTS_DIR; };
		95C64E5B24EE7FEE000EA18F /* AppDelegate.swift */ = {isa = PBXFileReference; lastKnownFileType = sourcecode.swift; path = AppDelegate.swift; sourceTree = "<group>"; };
		95C64E5D24EE7FEE000EA18F /* SceneDelegate.swift */ = {isa = PBXFileReference; lastKnownFileType = sourcecode.swift; path = SceneDelegate.swift; sourceTree = "<group>"; };
		95C64E6224EE7FEE000EA18F /* Base */ = {isa = PBXFileReference; lastKnownFileType = file.storyboard; name = Base; path = Base.lproj/Main.storyboard; sourceTree = "<group>"; };
		95C64E6424EE7FEF000EA18F /* Assets.xcassets */ = {isa = PBXFileReference; lastKnownFileType = folder.assetcatalog; path = Assets.xcassets; sourceTree = "<group>"; };
		95C64E6724EE7FEF000EA18F /* Base */ = {isa = PBXFileReference; lastKnownFileType = file.storyboard; name = Base; path = Base.lproj/LaunchScreen.storyboard; sourceTree = "<group>"; };
		95C64E6924EE7FEF000EA18F /* Info.plist */ = {isa = PBXFileReference; lastKnownFileType = text.plist.xml; path = Info.plist; sourceTree = "<group>"; };
		95C64E7B24EE824E000EA18F /* EquationCalculator.swift */ = {isa = PBXFileReference; fileEncoding = 4; lastKnownFileType = sourcecode.swift; path = EquationCalculator.swift; sourceTree = "<group>"; };
		95C64E7F24EE8272000EA18F /* StringExtension.swift */ = {isa = PBXFileReference; fileEncoding = 4; lastKnownFileType = sourcecode.swift; path = StringExtension.swift; sourceTree = "<group>"; };
		95C64E8124EE827F000EA18F /* ViewController.swift */ = {isa = PBXFileReference; fileEncoding = 4; lastKnownFileType = sourcecode.swift; path = ViewController.swift; sourceTree = "<group>"; };
/* End PBXFileReference section */

/* Begin PBXFrameworksBuildPhase section */
		95C64E5524EE7FEE000EA18F /* Frameworks */ = {
			isa = PBXFrameworksBuildPhase;
			buildActionMask = 2147483647;
			files = (
			);
			runOnlyForDeploymentPostprocessing = 0;
		};
/* End PBXFrameworksBuildPhase section */

/* Begin PBXGroup section */
		95C64E4F24EE7FEE000EA18F = {
			isa = PBXGroup;
			children = (
				95C64E5A24EE7FEE000EA18F /* CalculationEquation */,
				95C64E5924EE7FEE000EA18F /* Products */,
			);
			sourceTree = "<group>";
		};
		95C64E5924EE7FEE000EA18F /* Products */ = {
			isa = PBXGroup;
			children = (
				95C64E5824EE7FEE000EA18F /* CalculationEquation.app */,
			);
			name = Products;
			sourceTree = "<group>";
		};
		95C64E5A24EE7FEE000EA18F /* CalculationEquation */ = {
			isa = PBXGroup;
			children = (
				95C64E5B24EE7FEE000EA18F /* AppDelegate.swift */,
				95C64E7B24EE824E000EA18F /* EquationCalculator.swift */,
				95C64E7F24EE8272000EA18F /* StringExtension.swift */,
				95C64E8124EE827F000EA18F /* ViewController.swift */,
				95C64E5D24EE7FEE000EA18F /* SceneDelegate.swift */,
				95C64E6124EE7FEE000EA18F /* Main.storyboard */,
				95C64E6424EE7FEF000EA18F /* Assets.xcassets */,
				95C64E6624EE7FEF000EA18F /* LaunchScreen.storyboard */,
				95C64E6924EE7FEF000EA18F /* Info.plist */,
			);
			path = CalculationEquation;
			sourceTree = "<group>";
		};
/* End PBXGroup section */

/* Begin PBXNativeTarget section */
		95C64E5724EE7FEE000EA18F /* CalculationEquation */ = {
			isa = PBXNativeTarget;
			buildConfigurationList = 95C64E6C24EE7FEF000EA18F /* Build configuration list for PBXNativeTarget "CalculationEquation" */;
			buildPhases = (
				95C64E5424EE7FEE000EA18F /* Sources */,
				95C64E5524EE7FEE000EA18F /* Frameworks */,
				95C64E5624EE7FEE000EA18F /* Resources */,
			);
			buildRules = (
			);
			dependencies = (
			);
			name = CalculationEquation;
			productName = CalculationEquation;
			productReference = 95C64E5824EE7FEE000EA18F /* CalculationEquation.app */;
			productType = "com.apple.product-type.application";
		};
/* End PBXNativeTarget section */

/* Begin PBXProject section */
		95C64E5024EE7FEE000EA18F /* Project object */ = {
			isa = PBXProject;
			attributes = {
				LastSwiftUpdateCheck = 1160;
				LastUpgradeCheck = 1160;
				ORGANIZATIONNAME = Ann;
				TargetAttributes = {
					95C64E5724EE7FEE000EA18F = {
						CreatedOnToolsVersion = 11.6;
					};
				};
			};
			buildConfigurationList = 95C64E5324EE7FEE000EA18F /* Build configuration list for PBXProject "CalculationEquation" */;
			compatibilityVersion = "Xcode 9.3";
			developmentRegion = en;
			hasScannedForEncodings = 0;
			knownRegions = (
				en,
				Base,
			);
			mainGroup = 95C64E4F24EE7FEE000EA18F;
			productRefGroup = 95C64E5924EE7FEE000EA18F /* Products */;
			projectDirPath = "";
			projectRoot = "";
			targets = (
				95C64E5724EE7FEE000EA18F /* CalculationEquation */,
			);
		};
/* End PBXProject section */

/* Begin PBXResourcesBuildPhase section */
		95C64E5624EE7FEE000EA18F /* Resources */ = {
			isa = PBXResourcesBuildPhase;
			buildActionMask = 2147483647;
			files = (
				95C64E6824EE7FEF000EA18F /* LaunchScreen.storyboard in Resources */,
				95C64E6524EE7FEF000EA18F /* Assets.xcassets in Resources */,
				95C64E6324EE7FEE000EA18F /* Main.storyboard in Resources */,
			);
			runOnlyForDeploymentPostprocessing = 0;
		};
/* End PBXResourcesBuildPhase section */

/* Begin PBXSourcesBuildPhase section */
		95C64E5424EE7FEE000EA18F /* Sources */ = {
			isa = PBXSourcesBuildPhase;
			buildActionMask = 2147483647;
			files = (
				95C64E5C24EE7FEE000EA18F /* AppDelegate.swift in Sources */,
				95C64E8024EE8272000EA18F /* StringExtension.swift in Sources */,
				95C64E7C24EE824E000EA18F /* EquationCalculator.swift in Sources */,
				95C64E8224EE827F000EA18F /* ViewController.swift in Sources */,
				95C64E5E24EE7FEE000EA18F /* SceneDelegate.swift in Sources */,
			);
			runOnlyForDeploymentPostprocessing = 0;
		};
/* End PBXSourcesBuildPhase section */

/* Begin PBXVariantGroup section */
		95C64E6124EE7FEE000EA18F /* Main.storyboard */ = {
			isa = PBXVariantGroup;
			children = (
				95C64E6224EE7FEE000EA18F /* Base */,
			);
			name = Main.storyboard;
			sourceTree = "<group>";
		};
		95C64E6624EE7FEF000EA18F /* LaunchScreen.storyboard */ = {
			isa = PBXVariantGroup;
			children = (
				95C64E6724EE7FEF000EA18F /* Base */,
			);
			name = LaunchScreen.storyboard;
			sourceTree = "<group>";
		};
/* End PBXVariantGroup section */

/* Begin XCBuildConfiguration section */
		95C64E6A24EE7FEF000EA18F /* Debug */ = {
			isa = XCBuildConfiguration;
			buildSettings = {
				ALWAYS_SEARCH_USER_PATHS = NO;
				CLANG_ANALYZER_NONNULL = YES;
				CLANG_ANALYZER_NUMBER_OBJECT_CONVERSION = YES_AGGRESSIVE;
				CLANG_CXX_LANGUAGE_STANDARD = "gnu++14";
				CLANG_CXX_LIBRARY = "libc++";
				CLANG_ENABLE_MODULES = YES;
				CLANG_ENABLE_OBJC_ARC = YES;
				CLANG_ENABLE_OBJC_WEAK = YES;
				CLANG_WARN_BLOCK_CAPTURE_AUTORELEASING = YES;
				CLANG_WARN_BOOL_CONVERSION = YES;
				CLANG_WARN_COMMA = YES;
				CLANG_WARN_CONSTANT_CONVERSION = YES;
				CLANG_WARN_DEPRECATED_OBJC_IMPLEMENTATIONS = YES;
				CLANG_WARN_DIRECT_OBJC_ISA_USAGE = YES_ERROR;
				CLANG_WARN_DOCUMENTATION_COMMENTS = YES;
				CLANG_WARN_EMPTY_BODY = YES;
				CLANG_WARN_ENUM_CONVERSION = YES;
				CLANG_WARN_INFINITE_RECURSION = YES;
				CLANG_WARN_INT_CONVERSION = YES;
				CLANG_WARN_NON_LITERAL_NULL_CONVERSION = YES;
				CLANG_WARN_OBJC_IMPLICIT_RETAIN_SELF = YES;
				CLANG_WARN_OBJC_LITERAL_CONVERSION = YES;
				CLANG_WARN_OBJC_ROOT_CLASS = YES_ERROR;
				CLANG_WARN_RANGE_LOOP_ANALYSIS = YES;
				CLANG_WARN_STRICT_PROTOTYPES = YES;
				CLANG_WARN_SUSPICIOUS_MOVE = YES;
				CLANG_WARN_UNGUARDED_AVAILABILITY = YES_AGGRESSIVE;
				CLANG_WARN_UNREACHABLE_CODE = YES;
				CLANG_WARN__DUPLICATE_METHOD_MATCH = YES;
				COPY_PHASE_STRIP = NO;
				DEBUG_INFORMATION_FORMAT = dwarf;
				ENABLE_STRICT_OBJC_MSGSEND = YES;
				ENABLE_TESTABILITY = YES;
				GCC_C_LANGUAGE_STANDARD = gnu11;
				GCC_DYNAMIC_NO_PIC = NO;
				GCC_NO_COMMON_BLOCKS = YES;
				GCC_OPTIMIZATION_LEVEL = 0;
				GCC_PREPROCESSOR_DEFINITIONS = (
					"DEBUG=1",
					"$(inherited)",
				);
				GCC_WARN_64_TO_32_BIT_CONVERSION = YES;
				GCC_WARN_ABOUT_RETURN_TYPE = YES_ERROR;
				GCC_WARN_UNDECLARED_SELECTOR = YES;
				GCC_WARN_UNINITIALIZED_AUTOS = YES_AGGRESSIVE;
				GCC_WARN_UNUSED_FUNCTION = YES;
				GCC_WARN_UNUSED_VARIABLE = YES;
				IPHONEOS_DEPLOYMENT_TARGET = 13.6;
				MTL_ENABLE_DEBUG_INFO = INCLUDE_SOURCE;
				MTL_FAST_MATH = YES;
				ONLY_ACTIVE_ARCH = YES;
				SDKROOT = iphoneos;
				SWIFT_ACTIVE_COMPILATION_CONDITIONS = DEBUG;
				SWIFT_OPTIMIZATION_LEVEL = "-Onone";
			};
			name = Debug;
		};
		95C64E6B24EE7FEF000EA18F /* Release */ = {
			isa = XCBuildConfiguration;
			buildSettings = {
				ALWAYS_SEARCH_USER_PATHS = NO;
				CLANG_ANALYZER_NONNULL = YES;
				CLANG_ANALYZER_NUMBER_OBJECT_CONVERSION = YES_AGGRESSIVE;
				CLANG_CXX_LANGUAGE_STANDARD = "gnu++14";
				CLANG_CXX_LIBRARY = "libc++";
				CLANG_ENABLE_MODULES = YES;
				CLANG_ENABLE_OBJC_ARC = YES;
				CLANG_ENABLE_OBJC_WEAK = YES;
				CLANG_WARN_BLOCK_CAPTURE_AUTORELEASING = YES;
				CLANG_WARN_BOOL_CONVERSION = YES;
				CLANG_WARN_COMMA = YES;
				CLANG_WARN_CONSTANT_CONVERSION = YES;
				CLANG_WARN_DEPRECATED_OBJC_IMPLEMENTATIONS = YES;
				CLANG_WARN_DIRECT_OBJC_ISA_USAGE = YES_ERROR;
				CLANG_WARN_DOCUMENTATION_COMMENTS = YES;
				CLANG_WARN_EMPTY_BODY = YES;
				CLANG_WARN_ENUM_CONVERSION = YES;
				CLANG_WARN_INFINITE_RECURSION = YES;
				CLANG_WARN_INT_CONVERSION = YES;
				CLANG_WARN_NON_LITERAL_NULL_CONVERSION = YES;
				CLANG_WARN_OBJC_IMPLICIT_RETAIN_SELF = YES;
				CLANG_WARN_OBJC_LITERAL_CONVERSION = YES;
				CLANG_WARN_OBJC_ROOT_CLASS = YES_ERROR;
				CLANG_WARN_RANGE_LOOP_ANALYSIS = YES;
				CLANG_WARN_STRICT_PROTOTYPES = YES;
				CLANG_WARN_SUSPICIOUS_MOVE = YES;
				CLANG_WARN_UNGUARDED_AVAILABILITY = YES_AGGRESSIVE;
				CLANG_WARN_UNREACHABLE_CODE = YES;
				CLANG_WARN__DUPLICATE_METHOD_MATCH = YES;
				COPY_PHASE_STRIP = NO;
				DEBUG_INFORMATION_FORMAT = "dwarf-with-dsym";
				ENABLE_NS_ASSERTIONS = NO;
				ENABLE_STRICT_OBJC_MSGSEND = YES;
				GCC_C_LANGUAGE_STANDARD = gnu11;
				GCC_NO_COMMON_BLOCKS = YES;
				GCC_WARN_64_TO_32_BIT_CONVERSION = YES;
				GCC_WARN_ABOUT_RETURN_TYPE = YES_ERROR;
				GCC_WARN_UNDECLARED_SELECTOR = YES;
				GCC_WARN_UNINITIALIZED_AUTOS = YES_AGGRESSIVE;
				GCC_WARN_UNUSED_FUNCTION = YES;
				GCC_WARN_UNUSED_VARIABLE = YES;
				IPHONEOS_DEPLOYMENT_TARGET = 13.6;
				MTL_ENABLE_DEBUG_INFO = NO;
				MTL_FAST_MATH = YES;
				SDKROOT = iphoneos;
				SWIFT_COMPILATION_MODE = wholemodule;
				SWIFT_OPTIMIZATION_LEVEL = "-O";
				VALIDATE_PRODUCT = YES;
			};
			name = Release;
		};
		95C64E6D24EE7FEF000EA18F /* Debug */ = {
			isa = XCBuildConfiguration;
			buildSettings = {
				ASSETCATALOG_COMPILER_APPICON_NAME = AppIcon;
				CODE_SIGN_STYLE = Automatic;
				INFOPLIST_FILE = CalculationEquation/Info.plist;
				LD_RUNPATH_SEARCH_PATHS = (
					"$(inherited)",
					"@executable_path/Frameworks",
				);
				PRODUCT_BUNDLE_IDENTIFIER = CalculationEquation.CalculationEquation;
				PRODUCT_NAME = "$(TARGET_NAME)";
				SWIFT_VERSION = 5.0;
				TARGETED_DEVICE_FAMILY = "1,2";
			};
			name = Debug;
		};
		95C64E6E24EE7FEF000EA18F /* Release */ = {
			isa = XCBuildConfiguration;
			buildSettings = {
				ASSETCATALOG_COMPILER_APPICON_NAME = AppIcon;
				CODE_SIGN_STYLE = Automatic;
				INFOPLIST_FILE = CalculationEquation/Info.plist;
				LD_RUNPATH_SEARCH_PATHS = (
					"$(inherited)",
					"@executable_path/Frameworks",
				);
				PRODUCT_BUNDLE_IDENTIFIER = CalculationEquation.CalculationEquation;
				PRODUCT_NAME = "$(TARGET_NAME)";
				SWIFT_VERSION = 5.0;
				TARGETED_DEVICE_FAMILY = "1,2";
			};
			name = Release;
		};
/* End XCBuildConfiguration section */

/* Begin XCConfigurationList section */
		95C64E5324EE7FEE000EA18F /* Build configuration list for PBXProject "CalculationEquation" */ = {
			isa = XCConfigurationList;
			buildConfigurations = (
				95C64E6A24EE7FEF000EA18F /* Debug */,
				95C64E6B24EE7FEF000EA18F /* Release */,
			);
			defaultConfigurationIsVisible = 0;
			defaultConfigurationName = Release;
		};
		95C64E6C24EE7FEF000EA18F /* Build configuration list for PBXNativeTarget "CalculationEquation" */ = {
			isa = XCConfigurationList;
			buildConfigurations = (
				95C64E6D24EE7FEF000EA18F /* Debug */,
				95C64E6E24EE7FEF000EA18F /* Release */,
			);
			defaultConfigurationIsVisible = 0;
			defaultConfigurationName = Release;
		};
/* End XCConfigurationList section */
	};
	rootObject = 95C64E5024EE7FEE000EA18F /* Project object */;
}
